
Microsoft Visual Studio Solution File, Format Version 12.00
# Visual Studio Version 17
VisualStudioVersion = 17.6.33815.320
MinimumVisualStudioVersion = 10.0.40219.1
Project("{FAE04EC0-301F-11D3-BF4B-00C04F79EFBC}") = "CompositeDesignPattern", "CompositeDesignPattern\CompositeDesignPattern.csproj", "{7C94BCAB-D11E-4E18-A794-A7DB7F21667C}"
EndProject
Global
	GlobalSection(SolutionConfigurationPlatforms) = preSolution
		Debug|Any CPU = Debug|Any CPU
		Release|Any CPU = Release|Any CPU
	EndGlobalSection
	GlobalSection(ProjectConfigurationPlatforms) = postSolution
		{7C94BCAB-D11E-4E18-A794-A7DB7F21667C}.Debug|Any CPU.ActiveCfg = Debug|Any CPU
		{7C94BCAB-D11E-4E18-A794-A7DB7F21667C}.Debug|Any CPU.Build.0 = Debug|Any CPU
		{7C94BCAB-D11E-4E18-A794-A7DB7F21667C}.Release|Any CPU.ActiveCfg = Release|Any CPU
		{7C94BCAB-D11E-4E18-A794-A7DB7F21667C}.Release|Any CPU.Build.0 = Release|Any CPU
	EndGlobalSection
	GlobalSection(SolutionProperties) = preSolution
		HideSolutionNode = FALSE
	EndGlobalSection
	GlobalSection(ExtensibilityGlobals) = postSolution
		SolutionGuid = {35013A79-C8EF-4133-925F-CB794430D6A1}
	EndGlobalSection
EndGlobal
