
Microsoft Visual Studio Solution File, Format Version 12.00
# Visual Studio Version 17
VisualStudioVersion = 17.6.33815.320
MinimumVisualStudioVersion = 10.0.40219.1
Project("{FAE04EC0-301F-11D3-BF4B-00C04F79EFBC}") = "SingletonPattern", "SingletonPattern\SingletonPattern.csproj", "{CFF20707-8F0C-4E58-A00C-D71713C447B8}"
EndProject
Global
	GlobalSection(SolutionConfigurationPlatforms) = preSolution
		Debug|Any CPU = Debug|Any CPU
		Release|Any CPU = Release|Any CPU
	EndGlobalSection
	GlobalSection(ProjectConfigurationPlatforms) = postSolution
		{CFF20707-8F0C-4E58-A00C-D71713C447B8}.Debug|Any CPU.ActiveCfg = Debug|Any CPU
		{CFF20707-8F0C-4E58-A00C-D71713C447B8}.Debug|Any CPU.Build.0 = Debug|Any CPU
		{CFF20707-8F0C-4E58-A00C-D71713C447B8}.Release|Any CPU.ActiveCfg = Release|Any CPU
		{CFF20707-8F0C-4E58-A00C-D71713C447B8}.Release|Any CPU.Build.0 = Release|Any CPU
	EndGlobalSection
	GlobalSection(SolutionProperties) = preSolution
		HideSolutionNode = FALSE
	EndGlobalSection
	GlobalSection(ExtensibilityGlobals) = postSolution
		SolutionGuid = {C2FD82F0-5A81-4C52-8C7D-9BD68BACAE00}
	EndGlobalSection
EndGlobal
