
Microsoft Visual Studio Solution File, Format Version 12.00
# Visual Studio Version 17
VisualStudioVersion = 17.6.33815.320
MinimumVisualStudioVersion = 10.0.40219.1
Project("{FAE04EC0-301F-11D3-BF4B-00C04F79EFBC}") = "ObserverPattern", "ObserverPattern\ObserverPattern.csproj", "{16AFF5DE-2777-4B99-B5EC-97197EB81B81}"
EndProject
Global
	GlobalSection(SolutionConfigurationPlatforms) = preSolution
		Debug|Any CPU = Debug|Any CPU
		Release|Any CPU = Release|Any CPU
	EndGlobalSection
	GlobalSection(ProjectConfigurationPlatforms) = postSolution
		{16AFF5DE-2777-4B99-B5EC-97197EB81B81}.Debug|Any CPU.ActiveCfg = Debug|Any CPU
		{16AFF5DE-2777-4B99-B5EC-97197EB81B81}.Debug|Any CPU.Build.0 = Debug|Any CPU
		{16AFF5DE-2777-4B99-B5EC-97197EB81B81}.Release|Any CPU.ActiveCfg = Release|Any CPU
		{16AFF5DE-2777-4B99-B5EC-97197EB81B81}.Release|Any CPU.Build.0 = Release|Any CPU
	EndGlobalSection
	GlobalSection(SolutionProperties) = preSolution
		HideSolutionNode = FALSE
	EndGlobalSection
	GlobalSection(ExtensibilityGlobals) = postSolution
		SolutionGuid = {25DFC606-3E51-4423-BA90-7DD8B9214F13}
	EndGlobalSection
EndGlobal
