
Microsoft Visual Studio Solution File, Format Version 12.00
# Visual Studio Version 17
VisualStudioVersion = 17.6.33815.320
MinimumVisualStudioVersion = 10.0.40219.1
Project("{FAE04EC0-301F-11D3-BF4B-00C04F79EFBC}") = "AbstractFactory", "AbstractFactory\AbstractFactory.csproj", "{D87A8493-7935-43F4-910F-3A1A54AD2609}"
EndProject
Global
	GlobalSection(SolutionConfigurationPlatforms) = preSolution
		Debug|Any CPU = Debug|Any CPU
		Release|Any CPU = Release|Any CPU
	EndGlobalSection
	GlobalSection(ProjectConfigurationPlatforms) = postSolution
		{D87A8493-7935-43F4-910F-3A1A54AD2609}.Debug|Any CPU.ActiveCfg = Debug|Any CPU
		{D87A8493-7935-43F4-910F-3A1A54AD2609}.Debug|Any CPU.Build.0 = Debug|Any CPU
		{D87A8493-7935-43F4-910F-3A1A54AD2609}.Release|Any CPU.ActiveCfg = Release|Any CPU
		{D87A8493-7935-43F4-910F-3A1A54AD2609}.Release|Any CPU.Build.0 = Release|Any CPU
	EndGlobalSection
	GlobalSection(SolutionProperties) = preSolution
		HideSolutionNode = FALSE
	EndGlobalSection
	GlobalSection(ExtensibilityGlobals) = postSolution
		SolutionGuid = {6F401A89-9D1F-46E1-8B8B-7A76A7F9963C}
	EndGlobalSection
EndGlobal
