
Microsoft Visual Studio Solution File, Format Version 12.00
# Visual Studio Version 17
VisualStudioVersion = 17.6.33815.320
MinimumVisualStudioVersion = 10.0.40219.1
Project("{FAE04EC0-301F-11D3-BF4B-00C04F79EFBC}") = "MediaterDesignPattern", "MediaterDesignPattern\MediaterDesignPattern.csproj", "{83144FEC-09CA-49E8-A007-E3849CCEA7D1}"
EndProject
Global
	GlobalSection(SolutionConfigurationPlatforms) = preSolution
		Debug|Any CPU = Debug|Any CPU
		Release|Any CPU = Release|Any CPU
	EndGlobalSection
	GlobalSection(ProjectConfigurationPlatforms) = postSolution
		{83144FEC-09CA-49E8-A007-E3849CCEA7D1}.Debug|Any CPU.ActiveCfg = Debug|Any CPU
		{83144FEC-09CA-49E8-A007-E3849CCEA7D1}.Debug|Any CPU.Build.0 = Debug|Any CPU
		{83144FEC-09CA-49E8-A007-E3849CCEA7D1}.Release|Any CPU.ActiveCfg = Release|Any CPU
		{83144FEC-09CA-49E8-A007-E3849CCEA7D1}.Release|Any CPU.Build.0 = Release|Any CPU
	EndGlobalSection
	GlobalSection(SolutionProperties) = preSolution
		HideSolutionNode = FALSE
	EndGlobalSection
	GlobalSection(ExtensibilityGlobals) = postSolution
		SolutionGuid = {C79B4A9D-F98A-4ACE-B02A-C9AB639F2DE8}
	EndGlobalSection
EndGlobal
